
Microsoft Visual Studio Solution File, Format Version 12.00
# Visual Studio Version 17
VisualStudioVersion = 17.7.34018.315
MinimumVisualStudioVersion = 10.0.40219.1
Project("{FAE04EC0-301F-11D3-BF4B-00C04F79EFBC}") = "CSharpConcept", "CSharpConcept\CSharpConcept.csproj", "{0D77F86B-6944-497C-B555-011224C22376}"
EndProject
Project("{FAE04EC0-301F-11D3-BF4B-00C04F79EFBC}") = "SeleniumConcepts", "SeleniumConcepts\SeleniumConcepts.csproj", "{5B648429-9F65-426D-99D8-9F893D0EF6BD}"
EndProject
Global
	GlobalSection(SolutionConfigurationPlatforms) = preSolution
		Debug|Any CPU = Debug|Any CPU
		Release|Any CPU = Release|Any CPU
	EndGlobalSection
	GlobalSection(ProjectConfigurationPlatforms) = postSolution
		{0D77F86B-6944-497C-B555-011224C22376}.Debug|Any CPU.ActiveCfg = Debug|Any CPU
		{0D77F86B-6944-497C-B555-011224C22376}.Debug|Any CPU.Build.0 = Debug|Any CPU
		{0D77F86B-6944-497C-B555-011224C22376}.Release|Any CPU.ActiveCfg = Release|Any CPU
		{0D77F86B-6944-497C-B555-011224C22376}.Release|Any CPU.Build.0 = Release|Any CPU
		{5B648429-9F65-426D-99D8-9F893D0EF6BD}.Debug|Any CPU.ActiveCfg = Debug|Any CPU
		{5B648429-9F65-426D-99D8-9F893D0EF6BD}.Debug|Any CPU.Build.0 = Debug|Any CPU
		{5B648429-9F65-426D-99D8-9F893D0EF6BD}.Release|Any CPU.ActiveCfg = Release|Any CPU
		{5B648429-9F65-426D-99D8-9F893D0EF6BD}.Release|Any CPU.Build.0 = Release|Any CPU
	EndGlobalSection
	GlobalSection(SolutionProperties) = preSolution
		HideSolutionNode = FALSE
	EndGlobalSection
	GlobalSection(ExtensibilityGlobals) = postSolution
		SolutionGuid = {42A29F71-966D-47EE-8481-7F1B3930D879}
	EndGlobalSection
EndGlobal
